
Microsoft Visual Studio Solution File, Format Version 12.00
# Visual Studio 15
VisualStudioVersion = 15.0.27130.2026
MinimumVisualStudioVersion = 10.0.40219.1
Project("{8BC9CEB8-8B4A-11D0-8D11-00A0C91BC942}") = "SMIbuffer", "SMIbuffer.vcxproj", "{C2F34656-DC69-4C98-8D84-C768985BEE5F}"
EndProject
Project("{8BC9CEB8-8B4A-11D0-8D11-00A0C91BC942}") = "SMIbuffer_matlab", "SMIbuffer_matlab\SMIbuffer_matlab.vcxproj", "{DA75F547-03D8-42D2-862E-88AE216D9E72}"
	ProjectSection(ProjectDependencies) = postProject
		{C2F34656-DC69-4C98-8D84-C768985BEE5F} = {C2F34656-DC69-4C98-8D84-C768985BEE5F}
	EndProjectSection
EndProject
Project("{8BC9CEB8-8B4A-11D0-8D11-00A0C91BC942}") = "SMIbuffer_python_cpp", "SMIbuffer_python\SMIbuffer_python_cpp.vcxproj", "{2C6137C2-382B-4A3E-B06D-38DC4F6E5EE7}"
	ProjectSection(ProjectDependencies) = postProject
		{C2F34656-DC69-4C98-8D84-C768985BEE5F} = {C2F34656-DC69-4C98-8D84-C768985BEE5F}
	EndProjectSection
EndProject
Project("{888888A0-9F3D-457C-B088-3A5042F75D52}") = "SMIbuffer_python_py", "SMIbuffer_python\SMIbuffer_python_py.pyproj", "{45FABE76-C9B7-495C-8487-39D9DC383C06}"
EndProject
Global
	GlobalSection(SolutionConfigurationPlatforms) = preSolution
		Debug|Any CPU = Debug|Any CPU
		Debug|x64 = Debug|x64
		Debug|x86 = Debug|x86
		Release|Any CPU = Release|Any CPU
		Release|x64 = Release|x64
		Release|x86 = Release|x86
	EndGlobalSection
	GlobalSection(ProjectConfigurationPlatforms) = postSolution
		{C2F34656-DC69-4C98-8D84-C768985BEE5F}.Debug|Any CPU.ActiveCfg = Debug|Win32
		{C2F34656-DC69-4C98-8D84-C768985BEE5F}.Debug|x64.ActiveCfg = Debug|x64
		{C2F34656-DC69-4C98-8D84-C768985BEE5F}.Debug|x64.Build.0 = Debug|x64
		{C2F34656-DC69-4C98-8D84-C768985BEE5F}.Debug|x86.ActiveCfg = Debug|Win32
		{C2F34656-DC69-4C98-8D84-C768985BEE5F}.Debug|x86.Build.0 = Debug|Win32
		{C2F34656-DC69-4C98-8D84-C768985BEE5F}.Release|Any CPU.ActiveCfg = Release|Win32
		{C2F34656-DC69-4C98-8D84-C768985BEE5F}.Release|x64.ActiveCfg = Release|x64
		{C2F34656-DC69-4C98-8D84-C768985BEE5F}.Release|x64.Build.0 = Release|x64
		{C2F34656-DC69-4C98-8D84-C768985BEE5F}.Release|x86.ActiveCfg = Release|Win32
		{C2F34656-DC69-4C98-8D84-C768985BEE5F}.Release|x86.Build.0 = Release|Win32
		{DA75F547-03D8-42D2-862E-88AE216D9E72}.Debug|Any CPU.ActiveCfg = Debug|Win32
		{DA75F547-03D8-42D2-862E-88AE216D9E72}.Debug|x64.ActiveCfg = Debug|x64
		{DA75F547-03D8-42D2-862E-88AE216D9E72}.Debug|x64.Build.0 = Debug|x64
		{DA75F547-03D8-42D2-862E-88AE216D9E72}.Debug|x86.ActiveCfg = Debug|Win32
		{DA75F547-03D8-42D2-862E-88AE216D9E72}.Debug|x86.Build.0 = Debug|Win32
		{DA75F547-03D8-42D2-862E-88AE216D9E72}.Release|Any CPU.ActiveCfg = Release|Win32
		{DA75F547-03D8-42D2-862E-88AE216D9E72}.Release|x64.ActiveCfg = Release|x64
		{DA75F547-03D8-42D2-862E-88AE216D9E72}.Release|x64.Build.0 = Release|x64
		{DA75F547-03D8-42D2-862E-88AE216D9E72}.Release|x86.ActiveCfg = Release|Win32
		{DA75F547-03D8-42D2-862E-88AE216D9E72}.Release|x86.Build.0 = Release|Win32
		{2C6137C2-382B-4A3E-B06D-38DC4F6E5EE7}.Debug|Any CPU.ActiveCfg = Debug|Win32
		{2C6137C2-382B-4A3E-B06D-38DC4F6E5EE7}.Debug|x64.ActiveCfg = Debug|x64
		{2C6137C2-382B-4A3E-B06D-38DC4F6E5EE7}.Debug|x64.Build.0 = Debug|x64
		{2C6137C2-382B-4A3E-B06D-38DC4F6E5EE7}.Debug|x86.ActiveCfg = Debug|Win32
		{2C6137C2-382B-4A3E-B06D-38DC4F6E5EE7}.Debug|x86.Build.0 = Debug|Win32
		{2C6137C2-382B-4A3E-B06D-38DC4F6E5EE7}.Release|Any CPU.ActiveCfg = Release|Win32
		{2C6137C2-382B-4A3E-B06D-38DC4F6E5EE7}.Release|x64.ActiveCfg = Release|x64
		{2C6137C2-382B-4A3E-B06D-38DC4F6E5EE7}.Release|x64.Build.0 = Release|x64
		{2C6137C2-382B-4A3E-B06D-38DC4F6E5EE7}.Release|x86.ActiveCfg = Release|Win32
		{2C6137C2-382B-4A3E-B06D-38DC4F6E5EE7}.Release|x86.Build.0 = Release|Win32
		{45FABE76-C9B7-495C-8487-39D9DC383C06}.Debug|Any CPU.ActiveCfg = Debug|Any CPU
		{45FABE76-C9B7-495C-8487-39D9DC383C06}.Debug|x64.ActiveCfg = Debug|Any CPU
		{45FABE76-C9B7-495C-8487-39D9DC383C06}.Debug|x86.ActiveCfg = Debug|Any CPU
		{45FABE76-C9B7-495C-8487-39D9DC383C06}.Release|Any CPU.ActiveCfg = Release|Any CPU
		{45FABE76-C9B7-495C-8487-39D9DC383C06}.Release|x64.ActiveCfg = Release|Any CPU
		{45FABE76-C9B7-495C-8487-39D9DC383C06}.Release|x86.ActiveCfg = Release|Any CPU
	EndGlobalSection
	GlobalSection(SolutionProperties) = preSolution
		HideSolutionNode = FALSE
	EndGlobalSection
	GlobalSection(ExtensibilityGlobals) = postSolution
		SolutionGuid = {23CA0E46-43A0-4F36-A937-BFE1877AD700}
	EndGlobalSection
EndGlobal
